
Microsoft Visual Studio Solution File, Format Version 12.00
# Visual Studio 14
VisualStudioVersion = 14.0.25420.1
MinimumVisualStudioVersion = 10.0.40219.1
Project("{FAE04EC0-301F-11D3-BF4B-00C04F79EFBC}") = "DB", "DB\DB.csproj", "{10FE5910-0102-40CE-BBA8-CEFC8FF1185D}"
EndProject
Project("{FAE04EC0-301F-11D3-BF4B-00C04F79EFBC}") = "BL", "BL\BL.csproj", "{8FAFF992-6D67-40A1-9892-B896F5978EC3}"
EndProject
Project("{FAE04EC0-301F-11D3-BF4B-00C04F79EFBC}") = "GarazConsola", "GarazConsola\GarazConsola.csproj", "{FEA64D7A-859E-463A-8659-D5B1E6AB4487}"
EndProject
Global
	GlobalSection(SolutionConfigurationPlatforms) = preSolution
		Debug|Any CPU = Debug|Any CPU
		Release|Any CPU = Release|Any CPU
	EndGlobalSection
	GlobalSection(ProjectConfigurationPlatforms) = postSolution
		{10FE5910-0102-40CE-BBA8-CEFC8FF1185D}.Debug|Any CPU.ActiveCfg = Debug|Any CPU
		{10FE5910-0102-40CE-BBA8-CEFC8FF1185D}.Debug|Any CPU.Build.0 = Debug|Any CPU
		{10FE5910-0102-40CE-BBA8-CEFC8FF1185D}.Release|Any CPU.ActiveCfg = Release|Any CPU
		{10FE5910-0102-40CE-BBA8-CEFC8FF1185D}.Release|Any CPU.Build.0 = Release|Any CPU
		{8FAFF992-6D67-40A1-9892-B896F5978EC3}.Debug|Any CPU.ActiveCfg = Debug|Any CPU
		{8FAFF992-6D67-40A1-9892-B896F5978EC3}.Debug|Any CPU.Build.0 = Debug|Any CPU
		{8FAFF992-6D67-40A1-9892-B896F5978EC3}.Release|Any CPU.ActiveCfg = Release|Any CPU
		{8FAFF992-6D67-40A1-9892-B896F5978EC3}.Release|Any CPU.Build.0 = Release|Any CPU
		{FEA64D7A-859E-463A-8659-D5B1E6AB4487}.Debug|Any CPU.ActiveCfg = Debug|Any CPU
		{FEA64D7A-859E-463A-8659-D5B1E6AB4487}.Debug|Any CPU.Build.0 = Debug|Any CPU
		{FEA64D7A-859E-463A-8659-D5B1E6AB4487}.Release|Any CPU.ActiveCfg = Release|Any CPU
		{FEA64D7A-859E-463A-8659-D5B1E6AB4487}.Release|Any CPU.Build.0 = Release|Any CPU
	EndGlobalSection
	GlobalSection(SolutionProperties) = preSolution
		HideSolutionNode = FALSE
	EndGlobalSection
EndGlobal
