
Microsoft Visual Studio Solution File, Format Version 12.00
# Visual Studio 14
VisualStudioVersion = 14.0.25420.1
MinimumVisualStudioVersion = 10.0.40219.1
Project("{FAE04EC0-301F-11D3-BF4B-00C04F79EFBC}") = "DB", "DB\DB.csproj", "{10FE5910-0102-40CE-BBA8-CEFC8FF1185D}"
EndProject
Project("{FAE04EC0-301F-11D3-BF4B-00C04F79EFBC}") = "BL", "BL\BL.csproj", "{8FAFF992-6D67-40A1-9892-B896F5978EC3}"
EndProject
Project("{FAE04EC0-301F-11D3-BF4B-00C04F79EFBC}") = "Car_Test", "Car_Test\Car_Test.csproj", "{5C82EE67-6244-444B-A161-15597109B2EE}"
EndProject
Project("{FAE04EC0-301F-11D3-BF4B-00C04F79EFBC}") = "WebGaraz", "WebGaraz\WebGaraz.csproj", "{4CFC9467-1EF8-4D18-807F-CAB8FB2AC672}"
EndProject
Global
	GlobalSection(SolutionConfigurationPlatforms) = preSolution
		Debug|Any CPU = Debug|Any CPU
		Release|Any CPU = Release|Any CPU
	EndGlobalSection
	GlobalSection(ProjectConfigurationPlatforms) = postSolution
		{10FE5910-0102-40CE-BBA8-CEFC8FF1185D}.Debug|Any CPU.ActiveCfg = Debug|Any CPU
		{10FE5910-0102-40CE-BBA8-CEFC8FF1185D}.Debug|Any CPU.Build.0 = Debug|Any CPU
		{10FE5910-0102-40CE-BBA8-CEFC8FF1185D}.Release|Any CPU.ActiveCfg = Release|Any CPU
		{10FE5910-0102-40CE-BBA8-CEFC8FF1185D}.Release|Any CPU.Build.0 = Release|Any CPU
		{8FAFF992-6D67-40A1-9892-B896F5978EC3}.Debug|Any CPU.ActiveCfg = Debug|Any CPU
		{8FAFF992-6D67-40A1-9892-B896F5978EC3}.Debug|Any CPU.Build.0 = Debug|Any CPU
		{8FAFF992-6D67-40A1-9892-B896F5978EC3}.Release|Any CPU.ActiveCfg = Release|Any CPU
		{8FAFF992-6D67-40A1-9892-B896F5978EC3}.Release|Any CPU.Build.0 = Release|Any CPU
		{5C82EE67-6244-444B-A161-15597109B2EE}.Debug|Any CPU.ActiveCfg = Debug|Any CPU
		{5C82EE67-6244-444B-A161-15597109B2EE}.Debug|Any CPU.Build.0 = Debug|Any CPU
		{5C82EE67-6244-444B-A161-15597109B2EE}.Release|Any CPU.ActiveCfg = Release|Any CPU
		{5C82EE67-6244-444B-A161-15597109B2EE}.Release|Any CPU.Build.0 = Release|Any CPU
		{4CFC9467-1EF8-4D18-807F-CAB8FB2AC672}.Debug|Any CPU.ActiveCfg = Debug|Any CPU
		{4CFC9467-1EF8-4D18-807F-CAB8FB2AC672}.Debug|Any CPU.Build.0 = Debug|Any CPU
		{4CFC9467-1EF8-4D18-807F-CAB8FB2AC672}.Release|Any CPU.ActiveCfg = Release|Any CPU
		{4CFC9467-1EF8-4D18-807F-CAB8FB2AC672}.Release|Any CPU.Build.0 = Release|Any CPU
	EndGlobalSection
	GlobalSection(SolutionProperties) = preSolution
		HideSolutionNode = FALSE
	EndGlobalSection
EndGlobal
